
Microsoft Visual Studio Solution File, Format Version 12.00
# Visual Studio Version 16
VisualStudioVersion = 16.0.32126.315
MinimumVisualStudioVersion = 10.0.40219.1
Project("{FAE04EC0-301F-11D3-BF4B-00C04F79EFBC}") = "Calculator.Android", "Calculator\Calculator.Android\Calculator.Android.csproj", "{A1D2D3DC-C68A-4145-B033-E0E2136D75F9}"
EndProject
Project("{FAE04EC0-301F-11D3-BF4B-00C04F79EFBC}") = "Calculator", "Calculator\Calculator\Calculator.csproj", "{2FBD405F-073D-42B0-9FC4-2BEFCED98376}"
EndProject
Global
	GlobalSection(SolutionConfigurationPlatforms) = preSolution
		Debug|Any CPU = Debug|Any CPU
		Release|Any CPU = Release|Any CPU
	EndGlobalSection
	GlobalSection(ProjectConfigurationPlatforms) = postSolution
		{A1D2D3DC-C68A-4145-B033-E0E2136D75F9}.Debug|Any CPU.ActiveCfg = Debug|Any CPU
		{A1D2D3DC-C68A-4145-B033-E0E2136D75F9}.Debug|Any CPU.Build.0 = Debug|Any CPU
		{A1D2D3DC-C68A-4145-B033-E0E2136D75F9}.Debug|Any CPU.Deploy.0 = Debug|Any CPU
		{A1D2D3DC-C68A-4145-B033-E0E2136D75F9}.Release|Any CPU.ActiveCfg = Release|Any CPU
		{A1D2D3DC-C68A-4145-B033-E0E2136D75F9}.Release|Any CPU.Build.0 = Release|Any CPU
		{A1D2D3DC-C68A-4145-B033-E0E2136D75F9}.Release|Any CPU.Deploy.0 = Release|Any CPU
		{2FBD405F-073D-42B0-9FC4-2BEFCED98376}.Debug|Any CPU.ActiveCfg = Debug|Any CPU
		{2FBD405F-073D-42B0-9FC4-2BEFCED98376}.Debug|Any CPU.Build.0 = Debug|Any CPU
		{2FBD405F-073D-42B0-9FC4-2BEFCED98376}.Debug|Any CPU.Deploy.0 = Debug|Any CPU
		{2FBD405F-073D-42B0-9FC4-2BEFCED98376}.Release|Any CPU.ActiveCfg = Release|Any CPU
		{2FBD405F-073D-42B0-9FC4-2BEFCED98376}.Release|Any CPU.Build.0 = Release|Any CPU
		{2FBD405F-073D-42B0-9FC4-2BEFCED98376}.Release|Any CPU.Deploy.0 = Release|Any CPU
	EndGlobalSection
	GlobalSection(SolutionProperties) = preSolution
		HideSolutionNode = FALSE
	EndGlobalSection
	GlobalSection(ExtensibilityGlobals) = postSolution
		SolutionGuid = {9173D56C-7E1F-4AE8-BE26-1958153BA488}
	EndGlobalSection
EndGlobal
